
Microsoft Visual Studio Solution File, Format Version 12.00
# Visual Studio 15
VisualStudioVersion = 15.0.28307.852
MinimumVisualStudioVersion = 10.0.40219.1
Project("{FAE04EC0-301F-11D3-BF4B-00C04F79EFBC}") = "task5_epam", "task5_epam\task5_epam.csproj", "{764D2102-F185-4BCD-B761-39439120A905}"
EndProject
Global
	GlobalSection(SolutionConfigurationPlatforms) = preSolution
		Debug|Any CPU = Debug|Any CPU
		Release|Any CPU = Release|Any CPU
	EndGlobalSection
	GlobalSection(ProjectConfigurationPlatforms) = postSolution
		{764D2102-F185-4BCD-B761-39439120A905}.Debug|Any CPU.ActiveCfg = Debug|Any CPU
		{764D2102-F185-4BCD-B761-39439120A905}.Debug|Any CPU.Build.0 = Debug|Any CPU
		{764D2102-F185-4BCD-B761-39439120A905}.Release|Any CPU.ActiveCfg = Release|Any CPU
		{764D2102-F185-4BCD-B761-39439120A905}.Release|Any CPU.Build.0 = Release|Any CPU
	EndGlobalSection
	GlobalSection(SolutionProperties) = preSolution
		HideSolutionNode = FALSE
	EndGlobalSection
	GlobalSection(ExtensibilityGlobals) = postSolution
		SolutionGuid = {6F38DD20-F16F-4DAA-8ADC-C3148BD26426}
	EndGlobalSection
EndGlobal
